
Microsoft Visual Studio Solution File, Format Version 11.00
# Visual Studio 2010
Project("{FAE04EC0-301F-11D3-BF4B-00C04F79EFBC}") = "ManipulaXMLCulturaInglesa", "ManipulaXMLCulturaInglesa\ManipulaXMLCulturaInglesa.csproj", "{3CB95341-9978-4419-B246-3BDFD9A201EC}"
EndProject
Global
	GlobalSection(SolutionConfigurationPlatforms) = preSolution
		Debug|Any CPU = Debug|Any CPU
		Release|Any CPU = Release|Any CPU
	EndGlobalSection
	GlobalSection(ProjectConfigurationPlatforms) = postSolution
		{3CB95341-9978-4419-B246-3BDFD9A201EC}.Debug|Any CPU.ActiveCfg = Debug|Any CPU
		{3CB95341-9978-4419-B246-3BDFD9A201EC}.Debug|Any CPU.Build.0 = Debug|Any CPU
		{3CB95341-9978-4419-B246-3BDFD9A201EC}.Release|Any CPU.ActiveCfg = Release|Any CPU
		{3CB95341-9978-4419-B246-3BDFD9A201EC}.Release|Any CPU.Build.0 = Release|Any CPU
	EndGlobalSection
	GlobalSection(SolutionProperties) = preSolution
		HideSolutionNode = FALSE
	EndGlobalSection
EndGlobal
