
Microsoft Visual Studio Solution File, Format Version 11.00
# Visual Studio 2010
Project("{E24C65DC-7377-472B-9ABA-BC803B73C61A}") = "WebSite", "WebSite", "{AAC450D8-47EB-47C5-AB2D-DD81322C030E}"
	ProjectSection(WebsiteProperties) = preProject
		TargetFrameworkMoniker = ".NETFramework,Version%3Dv3.5"
		ProjectReferences = "{3CB95341-9978-4419-B246-3BDFD9A201EC}|ManipulaXMLCulturaInglesa.dll;"
		Debug.AspNetCompiler.VirtualPath = "/WebSite"
		Debug.AspNetCompiler.PhysicalPath = "WebSite\"
		Debug.AspNetCompiler.TargetPath = "PrecompiledWeb\WebSite\"
		Debug.AspNetCompiler.Updateable = "true"
		Debug.AspNetCompiler.ForceOverwrite = "true"
		Debug.AspNetCompiler.FixedNames = "false"
		Debug.AspNetCompiler.Debug = "True"
		Release.AspNetCompiler.VirtualPath = "/WebSite"
		Release.AspNetCompiler.PhysicalPath = "WebSite\"
		Release.AspNetCompiler.TargetPath = "PrecompiledWeb\WebSite\"
		Release.AspNetCompiler.Updateable = "true"
		Release.AspNetCompiler.ForceOverwrite = "true"
		Release.AspNetCompiler.FixedNames = "false"
		Release.AspNetCompiler.Debug = "False"
		VWDPort = "1053"
		DefaultWebSiteLanguage = "Visual C#"
	EndProjectSection
EndProject
Project("{FAE04EC0-301F-11D3-BF4B-00C04F79EFBC}") = "ManipulaXMLCulturaInglesa", "ManipulaXMLCulturaInglesa\ManipulaXMLCulturaInglesa\ManipulaXMLCulturaInglesa.csproj", "{3CB95341-9978-4419-B246-3BDFD9A201EC}"
EndProject
Global
	GlobalSection(SolutionConfigurationPlatforms) = preSolution
		Debug|Any CPU = Debug|Any CPU
		Release|Any CPU = Release|Any CPU
	EndGlobalSection
	GlobalSection(ProjectConfigurationPlatforms) = postSolution
		{AAC450D8-47EB-47C5-AB2D-DD81322C030E}.Debug|Any CPU.ActiveCfg = Debug|Any CPU
		{AAC450D8-47EB-47C5-AB2D-DD81322C030E}.Debug|Any CPU.Build.0 = Debug|Any CPU
		{AAC450D8-47EB-47C5-AB2D-DD81322C030E}.Release|Any CPU.ActiveCfg = Debug|Any CPU
		{AAC450D8-47EB-47C5-AB2D-DD81322C030E}.Release|Any CPU.Build.0 = Debug|Any CPU
		{3CB95341-9978-4419-B246-3BDFD9A201EC}.Debug|Any CPU.ActiveCfg = Debug|Any CPU
		{3CB95341-9978-4419-B246-3BDFD9A201EC}.Debug|Any CPU.Build.0 = Debug|Any CPU
		{3CB95341-9978-4419-B246-3BDFD9A201EC}.Release|Any CPU.ActiveCfg = Release|Any CPU
		{3CB95341-9978-4419-B246-3BDFD9A201EC}.Release|Any CPU.Build.0 = Release|Any CPU
	EndGlobalSection
	GlobalSection(SolutionProperties) = preSolution
		HideSolutionNode = FALSE
	EndGlobalSection
EndGlobal
